
Microsoft Visual Studio Solution File, Format Version 12.00
# Visual Studio 15
VisualStudioVersion = 15.0.28307.421
MinimumVisualStudioVersion = 10.0.40219.1
Project("{FAE04EC0-301F-11D3-BF4B-00C04F79EFBC}") = "TipCalculatorApp.Android", "TipCalculatorApp\TipCalculatorApp.Android\TipCalculatorApp.Android.csproj", "{1C031D34-CDAA-4A21-9CE0-DC7F1AE01365}"
EndProject
Project("{FAE04EC0-301F-11D3-BF4B-00C04F79EFBC}") = "TipCalculatorApp.iOS", "TipCalculatorApp\TipCalculatorApp.iOS\TipCalculatorApp.iOS.csproj", "{80F8C936-FA21-4D5F-A34A-ABCE5E14A1B7}"
EndProject
Project("{FAE04EC0-301F-11D3-BF4B-00C04F79EFBC}") = "TipCalculatorApp", "TipCalculatorApp\TipCalculatorApp\TipCalculatorApp.csproj", "{CEE72F56-0DF1-4805-87FC-3868B50DF7FC}"
EndProject
Global
	GlobalSection(SolutionConfigurationPlatforms) = preSolution
		Ad-Hoc|Any CPU = Ad-Hoc|Any CPU
		Ad-Hoc|iPhone = Ad-Hoc|iPhone
		Ad-Hoc|iPhoneSimulator = Ad-Hoc|iPhoneSimulator
		AppStore|Any CPU = AppStore|Any CPU
		AppStore|iPhone = AppStore|iPhone
		AppStore|iPhoneSimulator = AppStore|iPhoneSimulator
		Debug|Any CPU = Debug|Any CPU
		Debug|iPhone = Debug|iPhone
		Debug|iPhoneSimulator = Debug|iPhoneSimulator
		Release|Any CPU = Release|Any CPU
		Release|iPhone = Release|iPhone
		Release|iPhoneSimulator = Release|iPhoneSimulator
	EndGlobalSection
	GlobalSection(ProjectConfigurationPlatforms) = postSolution
		{1C031D34-CDAA-4A21-9CE0-DC7F1AE01365}.Ad-Hoc|Any CPU.ActiveCfg = Release|Any CPU
		{1C031D34-CDAA-4A21-9CE0-DC7F1AE01365}.Ad-Hoc|Any CPU.Build.0 = Release|Any CPU
		{1C031D34-CDAA-4A21-9CE0-DC7F1AE01365}.Ad-Hoc|Any CPU.Deploy.0 = Release|Any CPU
		{1C031D34-CDAA-4A21-9CE0-DC7F1AE01365}.Ad-Hoc|iPhone.ActiveCfg = Release|Any CPU
		{1C031D34-CDAA-4A21-9CE0-DC7F1AE01365}.Ad-Hoc|iPhone.Build.0 = Release|Any CPU
		{1C031D34-CDAA-4A21-9CE0-DC7F1AE01365}.Ad-Hoc|iPhone.Deploy.0 = Release|Any CPU
		{1C031D34-CDAA-4A21-9CE0-DC7F1AE01365}.Ad-Hoc|iPhoneSimulator.ActiveCfg = Release|Any CPU
		{1C031D34-CDAA-4A21-9CE0-DC7F1AE01365}.Ad-Hoc|iPhoneSimulator.Build.0 = Release|Any CPU
		{1C031D34-CDAA-4A21-9CE0-DC7F1AE01365}.Ad-Hoc|iPhoneSimulator.Deploy.0 = Release|Any CPU
		{1C031D34-CDAA-4A21-9CE0-DC7F1AE01365}.AppStore|Any CPU.ActiveCfg = Release|Any CPU
		{1C031D34-CDAA-4A21-9CE0-DC7F1AE01365}.AppStore|Any CPU.Build.0 = Release|Any CPU
		{1C031D34-CDAA-4A21-9CE0-DC7F1AE01365}.AppStore|Any CPU.Deploy.0 = Release|Any CPU
		{1C031D34-CDAA-4A21-9CE0-DC7F1AE01365}.AppStore|iPhone.ActiveCfg = Release|Any CPU
		{1C031D34-CDAA-4A21-9CE0-DC7F1AE01365}.AppStore|iPhone.Build.0 = Release|Any CPU
		{1C031D34-CDAA-4A21-9CE0-DC7F1AE01365}.AppStore|iPhone.Deploy.0 = Release|Any CPU
		{1C031D34-CDAA-4A21-9CE0-DC7F1AE01365}.AppStore|iPhoneSimulator.ActiveCfg = Release|Any CPU
		{1C031D34-CDAA-4A21-9CE0-DC7F1AE01365}.AppStore|iPhoneSimulator.Build.0 = Release|Any CPU
		{1C031D34-CDAA-4A21-9CE0-DC7F1AE01365}.AppStore|iPhoneSimulator.Deploy.0 = Release|Any CPU
		{1C031D34-CDAA-4A21-9CE0-DC7F1AE01365}.Debug|Any CPU.ActiveCfg = Debug|Any CPU
		{1C031D34-CDAA-4A21-9CE0-DC7F1AE01365}.Debug|Any CPU.Build.0 = Debug|Any CPU
		{1C031D34-CDAA-4A21-9CE0-DC7F1AE01365}.Debug|Any CPU.Deploy.0 = Debug|Any CPU
		{1C031D34-CDAA-4A21-9CE0-DC7F1AE01365}.Debug|iPhone.ActiveCfg = Debug|Any CPU
		{1C031D34-CDAA-4A21-9CE0-DC7F1AE01365}.Debug|iPhone.Build.0 = Debug|Any CPU
		{1C031D34-CDAA-4A21-9CE0-DC7F1AE01365}.Debug|iPhone.Deploy.0 = Debug|Any CPU
		{1C031D34-CDAA-4A21-9CE0-DC7F1AE01365}.Debug|iPhoneSimulator.ActiveCfg = Debug|Any CPU
		{1C031D34-CDAA-4A21-9CE0-DC7F1AE01365}.Debug|iPhoneSimulator.Build.0 = Debug|Any CPU
		{1C031D34-CDAA-4A21-9CE0-DC7F1AE01365}.Debug|iPhoneSimulator.Deploy.0 = Debug|Any CPU
		{1C031D34-CDAA-4A21-9CE0-DC7F1AE01365}.Release|Any CPU.ActiveCfg = Release|Any CPU
		{1C031D34-CDAA-4A21-9CE0-DC7F1AE01365}.Release|Any CPU.Build.0 = Release|Any CPU
		{1C031D34-CDAA-4A21-9CE0-DC7F1AE01365}.Release|Any CPU.Deploy.0 = Release|Any CPU
		{1C031D34-CDAA-4A21-9CE0-DC7F1AE01365}.Release|iPhone.ActiveCfg = Release|Any CPU
		{1C031D34-CDAA-4A21-9CE0-DC7F1AE01365}.Release|iPhone.Build.0 = Release|Any CPU
		{1C031D34-CDAA-4A21-9CE0-DC7F1AE01365}.Release|iPhone.Deploy.0 = Release|Any CPU
		{1C031D34-CDAA-4A21-9CE0-DC7F1AE01365}.Release|iPhoneSimulator.ActiveCfg = Release|Any CPU
		{1C031D34-CDAA-4A21-9CE0-DC7F1AE01365}.Release|iPhoneSimulator.Build.0 = Release|Any CPU
		{1C031D34-CDAA-4A21-9CE0-DC7F1AE01365}.Release|iPhoneSimulator.Deploy.0 = Release|Any CPU
		{80F8C936-FA21-4D5F-A34A-ABCE5E14A1B7}.Ad-Hoc|Any CPU.ActiveCfg = Ad-Hoc|iPhone
		{80F8C936-FA21-4D5F-A34A-ABCE5E14A1B7}.Ad-Hoc|Any CPU.Build.0 = Ad-Hoc|iPhone
		{80F8C936-FA21-4D5F-A34A-ABCE5E14A1B7}.Ad-Hoc|Any CPU.Deploy.0 = Ad-Hoc|iPhone
		{80F8C936-FA21-4D5F-A34A-ABCE5E14A1B7}.Ad-Hoc|iPhone.ActiveCfg = Ad-Hoc|iPhone
		{80F8C936-FA21-4D5F-A34A-ABCE5E14A1B7}.Ad-Hoc|iPhone.Build.0 = Ad-Hoc|iPhone
		{80F8C936-FA21-4D5F-A34A-ABCE5E14A1B7}.Ad-Hoc|iPhone.Deploy.0 = Ad-Hoc|iPhone
		{80F8C936-FA21-4D5F-A34A-ABCE5E14A1B7}.Ad-Hoc|iPhoneSimulator.ActiveCfg = Ad-Hoc|iPhoneSimulator
		{80F8C936-FA21-4D5F-A34A-ABCE5E14A1B7}.Ad-Hoc|iPhoneSimulator.Build.0 = Ad-Hoc|iPhoneSimulator
		{80F8C936-FA21-4D5F-A34A-ABCE5E14A1B7}.Ad-Hoc|iPhoneSimulator.Deploy.0 = Ad-Hoc|iPhoneSimulator
		{80F8C936-FA21-4D5F-A34A-ABCE5E14A1B7}.AppStore|Any CPU.ActiveCfg = AppStore|iPhone
		{80F8C936-FA21-4D5F-A34A-ABCE5E14A1B7}.AppStore|Any CPU.Build.0 = AppStore|iPhone
		{80F8C936-FA21-4D5F-A34A-ABCE5E14A1B7}.AppStore|Any CPU.Deploy.0 = AppStore|iPhone
		{80F8C936-FA21-4D5F-A34A-ABCE5E14A1B7}.AppStore|iPhone.ActiveCfg = AppStore|iPhone
		{80F8C936-FA21-4D5F-A34A-ABCE5E14A1B7}.AppStore|iPhone.Build.0 = AppStore|iPhone
		{80F8C936-FA21-4D5F-A34A-ABCE5E14A1B7}.AppStore|iPhone.Deploy.0 = AppStore|iPhone
		{80F8C936-FA21-4D5F-A34A-ABCE5E14A1B7}.AppStore|iPhoneSimulator.ActiveCfg = AppStore|iPhoneSimulator
		{80F8C936-FA21-4D5F-A34A-ABCE5E14A1B7}.AppStore|iPhoneSimulator.Build.0 = AppStore|iPhoneSimulator
		{80F8C936-FA21-4D5F-A34A-ABCE5E14A1B7}.AppStore|iPhoneSimulator.Deploy.0 = AppStore|iPhoneSimulator
		{80F8C936-FA21-4D5F-A34A-ABCE5E14A1B7}.Debug|Any CPU.ActiveCfg = Debug|iPhoneSimulator
		{80F8C936-FA21-4D5F-A34A-ABCE5E14A1B7}.Debug|Any CPU.Build.0 = Debug|iPhoneSimulator
		{80F8C936-FA21-4D5F-A34A-ABCE5E14A1B7}.Debug|Any CPU.Deploy.0 = Debug|iPhoneSimulator
		{80F8C936-FA21-4D5F-A34A-ABCE5E14A1B7}.Debug|iPhone.ActiveCfg = Debug|iPhone
		{80F8C936-FA21-4D5F-A34A-ABCE5E14A1B7}.Debug|iPhone.Build.0 = Debug|iPhone
		{80F8C936-FA21-4D5F-A34A-ABCE5E14A1B7}.Debug|iPhone.Deploy.0 = Debug|iPhone
		{80F8C936-FA21-4D5F-A34A-ABCE5E14A1B7}.Debug|iPhoneSimulator.ActiveCfg = Debug|iPhoneSimulator
		{80F8C936-FA21-4D5F-A34A-ABCE5E14A1B7}.Debug|iPhoneSimulator.Build.0 = Debug|iPhoneSimulator
		{80F8C936-FA21-4D5F-A34A-ABCE5E14A1B7}.Debug|iPhoneSimulator.Deploy.0 = Debug|iPhoneSimulator
		{80F8C936-FA21-4D5F-A34A-ABCE5E14A1B7}.Release|Any CPU.ActiveCfg = Release|iPhone
		{80F8C936-FA21-4D5F-A34A-ABCE5E14A1B7}.Release|Any CPU.Build.0 = Release|iPhone
		{80F8C936-FA21-4D5F-A34A-ABCE5E14A1B7}.Release|Any CPU.Deploy.0 = Release|iPhone
		{80F8C936-FA21-4D5F-A34A-ABCE5E14A1B7}.Release|iPhone.ActiveCfg = Release|iPhone
		{80F8C936-FA21-4D5F-A34A-ABCE5E14A1B7}.Release|iPhone.Build.0 = Release|iPhone
		{80F8C936-FA21-4D5F-A34A-ABCE5E14A1B7}.Release|iPhone.Deploy.0 = Release|iPhone
		{80F8C936-FA21-4D5F-A34A-ABCE5E14A1B7}.Release|iPhoneSimulator.ActiveCfg = Release|iPhoneSimulator
		{80F8C936-FA21-4D5F-A34A-ABCE5E14A1B7}.Release|iPhoneSimulator.Build.0 = Release|iPhoneSimulator
		{80F8C936-FA21-4D5F-A34A-ABCE5E14A1B7}.Release|iPhoneSimulator.Deploy.0 = Release|iPhoneSimulator
		{CEE72F56-0DF1-4805-87FC-3868B50DF7FC}.Ad-Hoc|Any CPU.ActiveCfg = Debug|Any CPU
		{CEE72F56-0DF1-4805-87FC-3868B50DF7FC}.Ad-Hoc|Any CPU.Build.0 = Debug|Any CPU
		{CEE72F56-0DF1-4805-87FC-3868B50DF7FC}.Ad-Hoc|Any CPU.Deploy.0 = Debug|Any CPU
		{CEE72F56-0DF1-4805-87FC-3868B50DF7FC}.Ad-Hoc|iPhone.ActiveCfg = Debug|Any CPU
		{CEE72F56-0DF1-4805-87FC-3868B50DF7FC}.Ad-Hoc|iPhone.Build.0 = Debug|Any CPU
		{CEE72F56-0DF1-4805-87FC-3868B50DF7FC}.Ad-Hoc|iPhone.Deploy.0 = Debug|Any CPU
		{CEE72F56-0DF1-4805-87FC-3868B50DF7FC}.Ad-Hoc|iPhoneSimulator.ActiveCfg = Debug|Any CPU
		{CEE72F56-0DF1-4805-87FC-3868B50DF7FC}.Ad-Hoc|iPhoneSimulator.Build.0 = Debug|Any CPU
		{CEE72F56-0DF1-4805-87FC-3868B50DF7FC}.Ad-Hoc|iPhoneSimulator.Deploy.0 = Debug|Any CPU
		{CEE72F56-0DF1-4805-87FC-3868B50DF7FC}.AppStore|Any CPU.ActiveCfg = Debug|Any CPU
		{CEE72F56-0DF1-4805-87FC-3868B50DF7FC}.AppStore|Any CPU.Build.0 = Debug|Any CPU
		{CEE72F56-0DF1-4805-87FC-3868B50DF7FC}.AppStore|Any CPU.Deploy.0 = Debug|Any CPU
		{CEE72F56-0DF1-4805-87FC-3868B50DF7FC}.AppStore|iPhone.ActiveCfg = Debug|Any CPU
		{CEE72F56-0DF1-4805-87FC-3868B50DF7FC}.AppStore|iPhone.Build.0 = Debug|Any CPU
		{CEE72F56-0DF1-4805-87FC-3868B50DF7FC}.AppStore|iPhone.Deploy.0 = Debug|Any CPU
		{CEE72F56-0DF1-4805-87FC-3868B50DF7FC}.AppStore|iPhoneSimulator.ActiveCfg = Debug|Any CPU
		{CEE72F56-0DF1-4805-87FC-3868B50DF7FC}.AppStore|iPhoneSimulator.Build.0 = Debug|Any CPU
		{CEE72F56-0DF1-4805-87FC-3868B50DF7FC}.AppStore|iPhoneSimulator.Deploy.0 = Debug|Any CPU
		{CEE72F56-0DF1-4805-87FC-3868B50DF7FC}.Debug|Any CPU.ActiveCfg = Debug|Any CPU
		{CEE72F56-0DF1-4805-87FC-3868B50DF7FC}.Debug|Any CPU.Build.0 = Debug|Any CPU
		{CEE72F56-0DF1-4805-87FC-3868B50DF7FC}.Debug|Any CPU.Deploy.0 = Debug|Any CPU
		{CEE72F56-0DF1-4805-87FC-3868B50DF7FC}.Debug|iPhone.ActiveCfg = Debug|Any CPU
		{CEE72F56-0DF1-4805-87FC-3868B50DF7FC}.Debug|iPhone.Build.0 = Debug|Any CPU
		{CEE72F56-0DF1-4805-87FC-3868B50DF7FC}.Debug|iPhone.Deploy.0 = Debug|Any CPU
		{CEE72F56-0DF1-4805-87FC-3868B50DF7FC}.Debug|iPhoneSimulator.ActiveCfg = Debug|Any CPU
		{CEE72F56-0DF1-4805-87FC-3868B50DF7FC}.Debug|iPhoneSimulator.Build.0 = Debug|Any CPU
		{CEE72F56-0DF1-4805-87FC-3868B50DF7FC}.Debug|iPhoneSimulator.Deploy.0 = Debug|Any CPU
		{CEE72F56-0DF1-4805-87FC-3868B50DF7FC}.Release|Any CPU.ActiveCfg = Release|Any CPU
		{CEE72F56-0DF1-4805-87FC-3868B50DF7FC}.Release|Any CPU.Build.0 = Release|Any CPU
		{CEE72F56-0DF1-4805-87FC-3868B50DF7FC}.Release|Any CPU.Deploy.0 = Release|Any CPU
		{CEE72F56-0DF1-4805-87FC-3868B50DF7FC}.Release|iPhone.ActiveCfg = Release|Any CPU
		{CEE72F56-0DF1-4805-87FC-3868B50DF7FC}.Release|iPhone.Build.0 = Release|Any CPU
		{CEE72F56-0DF1-4805-87FC-3868B50DF7FC}.Release|iPhone.Deploy.0 = Release|Any CPU
		{CEE72F56-0DF1-4805-87FC-3868B50DF7FC}.Release|iPhoneSimulator.ActiveCfg = Release|Any CPU
		{CEE72F56-0DF1-4805-87FC-3868B50DF7FC}.Release|iPhoneSimulator.Build.0 = Release|Any CPU
		{CEE72F56-0DF1-4805-87FC-3868B50DF7FC}.Release|iPhoneSimulator.Deploy.0 = Release|Any CPU
	EndGlobalSection
	GlobalSection(SolutionProperties) = preSolution
		HideSolutionNode = FALSE
	EndGlobalSection
	GlobalSection(ExtensibilityGlobals) = postSolution
		SolutionGuid = {980BE1EB-F3E1-4CB5-87D4-0DF0861A6BCC}
	EndGlobalSection
EndGlobal
